
Microsoft Visual Studio Solution File, Format Version 12.00
# Visual Studio Version 17
VisualStudioVersion = 17.5.002.0
MinimumVisualStudioVersion = 10.0.40219.1
Project("{9A19103F-16F7-4668-BE54-9A1E7A4F7556}") = "dotNetPlayground", "dotNetPlayground.csproj", "{1951B74C-45C4-4CD2-9131-C9CED2A1BC90}"
EndProject
Global
	GlobalSection(SolutionConfigurationPlatforms) = preSolution
		Debug|Any CPU = Debug|Any CPU
		Release|Any CPU = Release|Any CPU
	EndGlobalSection
	GlobalSection(ProjectConfigurationPlatforms) = postSolution
		{1951B74C-45C4-4CD2-9131-C9CED2A1BC90}.Debug|Any CPU.ActiveCfg = Debug|Any CPU
		{1951B74C-45C4-4CD2-9131-C9CED2A1BC90}.Debug|Any CPU.Build.0 = Debug|Any CPU
		{1951B74C-45C4-4CD2-9131-C9CED2A1BC90}.Release|Any CPU.ActiveCfg = Release|Any CPU
		{1951B74C-45C4-4CD2-9131-C9CED2A1BC90}.Release|Any CPU.Build.0 = Release|Any CPU
	EndGlobalSection
	GlobalSection(SolutionProperties) = preSolution
		HideSolutionNode = FALSE
	EndGlobalSection
	GlobalSection(ExtensibilityGlobals) = postSolution
		SolutionGuid = {A450374A-A16A-4E3D-9F2B-08A7B31FAD44}
	EndGlobalSection
EndGlobal
